
Microsoft Visual Studio Solution File, Format Version 12.00
# Visual Studio 14
VisualStudioVersion = 14.0.25420.1
MinimumVisualStudioVersion = 10.0.40219.1
Project("{2150E333-8FDC-42A3-9474-1A3956D46DE8}") = "Source", "Source", "{8CE6CB8D-F6FC-4960-B774-E59EE9254021}"
EndProject
Project("{2150E333-8FDC-42A3-9474-1A3956D46DE8}") = "Solution Items", "Solution Items", "{506B09AB-CCC5-4F07-A2F1-D4934148EE9F}"
	ProjectSection(SolutionItems) = preProject
		global.json = global.json
	EndProjectSection
EndProject
Project("{8BB2217D-0F2D-49D1-97BC-3654ED321F3B}") = "Core.Clang", "Source\Core.Clang\Core.Clang.xproj", "{549466A1-0A18-4B5B-ACED-A05DCE056BB5}"
EndProject
Project("{8BB2217D-0F2D-49D1-97BC-3654ED321F3B}") = "Playground", "Source\Playground\Playground.xproj", "{35408A6C-F256-45AA-8BC0-EB4B22C5424F}"
EndProject
Project("{2150E333-8FDC-42A3-9474-1A3956D46DE8}") = "Test", "Test", "{679E0A24-ED6F-44F7-BDE0-1A23F68D7EFA}"
EndProject
Project("{8BB2217D-0F2D-49D1-97BC-3654ED321F3B}") = "Core.Clang.Tests", "Test\Core.Clang.Tests\Core.Clang.Tests.xproj", "{CAE1B3B7-6CFC-47E6-9E2F-136DD0EE1D9E}"
EndProject
Global
	GlobalSection(SolutionConfigurationPlatforms) = preSolution
		Debug|Any CPU = Debug|Any CPU
		Release|Any CPU = Release|Any CPU
	EndGlobalSection
	GlobalSection(ProjectConfigurationPlatforms) = postSolution
		{549466A1-0A18-4B5B-ACED-A05DCE056BB5}.Debug|Any CPU.ActiveCfg = Debug|Any CPU
		{549466A1-0A18-4B5B-ACED-A05DCE056BB5}.Debug|Any CPU.Build.0 = Debug|Any CPU
		{549466A1-0A18-4B5B-ACED-A05DCE056BB5}.Release|Any CPU.ActiveCfg = Release|Any CPU
		{549466A1-0A18-4B5B-ACED-A05DCE056BB5}.Release|Any CPU.Build.0 = Release|Any CPU
		{35408A6C-F256-45AA-8BC0-EB4B22C5424F}.Debug|Any CPU.ActiveCfg = Debug|Any CPU
		{35408A6C-F256-45AA-8BC0-EB4B22C5424F}.Debug|Any CPU.Build.0 = Debug|Any CPU
		{35408A6C-F256-45AA-8BC0-EB4B22C5424F}.Release|Any CPU.ActiveCfg = Release|Any CPU
		{35408A6C-F256-45AA-8BC0-EB4B22C5424F}.Release|Any CPU.Build.0 = Release|Any CPU
		{CAE1B3B7-6CFC-47E6-9E2F-136DD0EE1D9E}.Debug|Any CPU.ActiveCfg = Debug|Any CPU
		{CAE1B3B7-6CFC-47E6-9E2F-136DD0EE1D9E}.Debug|Any CPU.Build.0 = Debug|Any CPU
		{CAE1B3B7-6CFC-47E6-9E2F-136DD0EE1D9E}.Release|Any CPU.ActiveCfg = Release|Any CPU
		{CAE1B3B7-6CFC-47E6-9E2F-136DD0EE1D9E}.Release|Any CPU.Build.0 = Release|Any CPU
	EndGlobalSection
	GlobalSection(SolutionProperties) = preSolution
		HideSolutionNode = FALSE
	EndGlobalSection
	GlobalSection(NestedProjects) = preSolution
		{549466A1-0A18-4B5B-ACED-A05DCE056BB5} = {8CE6CB8D-F6FC-4960-B774-E59EE9254021}
		{35408A6C-F256-45AA-8BC0-EB4B22C5424F} = {8CE6CB8D-F6FC-4960-B774-E59EE9254021}
		{CAE1B3B7-6CFC-47E6-9E2F-136DD0EE1D9E} = {679E0A24-ED6F-44F7-BDE0-1A23F68D7EFA}
	EndGlobalSection
EndGlobal
